
Microsoft Visual Studio Solution File, Format Version 12.00
# Visual Studio Version 16
VisualStudioVersion = 16.0.31205.134
MinimumVisualStudioVersion = 10.0.40219.1
Project("{2150E333-8FDC-42A3-9474-1A3956D46DE8}") = "01-Common", "01-Common", "{36BFE70C-0AE5-486A-8F39-FC00DF7E6D88}"
EndProject
Project("{2150E333-8FDC-42A3-9474-1A3956D46DE8}") = "02-Service", "02-Service", "{C4B8780C-C98E-4B87-A613-4163BE00980C}"
EndProject
Project("{9A19103F-16F7-4668-BE54-9A1E7A4F7556}") = "PA.WebAPI.Model", "PA.WebAPI.Model\PA.WebAPI.Model.csproj", "{AA7200E6-1E51-46F6-88D0-4A66E0A6FA57}"
EndProject
Project("{9A19103F-16F7-4668-BE54-9A1E7A4F7556}") = "PA.WebApi.DAL", "PA.WebApi.DAL\PA.WebApi.DAL.csproj", "{85F42A71-D762-4134-8A1E-86CACD990581}"
EndProject
Project("{9A19103F-16F7-4668-BE54-9A1E7A4F7556}") = "PA.WebApi.App", "PA.WebApi.App\PA.WebApi.App.csproj", "{5AD74603-4832-40B9-975F-D13A6C86BA87}"
EndProject
Project("{9A19103F-16F7-4668-BE54-9A1E7A4F7556}") = "PA.WebApi.AuthProvider", "PA.WebApi.AuthProvider\PA.WebApi.AuthProvider.csproj", "{BAF1BC88-C780-4E16-AD6C-E7095B9F234A}"
EndProject
Project("{9A19103F-16F7-4668-BE54-9A1E7A4F7556}") = "PA.WebApi.App.Tests", "PA.WebApi.App.Tests\PA.WebApi.App.Tests.csproj", "{56DAC5B5-E571-42B2-AA9E-5D99E690AB0E}"
EndProject
Global
	GlobalSection(SolutionConfigurationPlatforms) = preSolution
		Debug|Any CPU = Debug|Any CPU
		Release|Any CPU = Release|Any CPU
	EndGlobalSection
	GlobalSection(ProjectConfigurationPlatforms) = postSolution
		{AA7200E6-1E51-46F6-88D0-4A66E0A6FA57}.Debug|Any CPU.ActiveCfg = Debug|Any CPU
		{AA7200E6-1E51-46F6-88D0-4A66E0A6FA57}.Debug|Any CPU.Build.0 = Debug|Any CPU
		{AA7200E6-1E51-46F6-88D0-4A66E0A6FA57}.Release|Any CPU.ActiveCfg = Release|Any CPU
		{AA7200E6-1E51-46F6-88D0-4A66E0A6FA57}.Release|Any CPU.Build.0 = Release|Any CPU
		{85F42A71-D762-4134-8A1E-86CACD990581}.Debug|Any CPU.ActiveCfg = Debug|Any CPU
		{85F42A71-D762-4134-8A1E-86CACD990581}.Debug|Any CPU.Build.0 = Debug|Any CPU
		{85F42A71-D762-4134-8A1E-86CACD990581}.Release|Any CPU.ActiveCfg = Release|Any CPU
		{85F42A71-D762-4134-8A1E-86CACD990581}.Release|Any CPU.Build.0 = Release|Any CPU
		{5AD74603-4832-40B9-975F-D13A6C86BA87}.Debug|Any CPU.ActiveCfg = Debug|Any CPU
		{5AD74603-4832-40B9-975F-D13A6C86BA87}.Debug|Any CPU.Build.0 = Debug|Any CPU
		{5AD74603-4832-40B9-975F-D13A6C86BA87}.Release|Any CPU.ActiveCfg = Release|Any CPU
		{5AD74603-4832-40B9-975F-D13A6C86BA87}.Release|Any CPU.Build.0 = Release|Any CPU
		{BAF1BC88-C780-4E16-AD6C-E7095B9F234A}.Debug|Any CPU.ActiveCfg = Debug|Any CPU
		{BAF1BC88-C780-4E16-AD6C-E7095B9F234A}.Debug|Any CPU.Build.0 = Debug|Any CPU
		{BAF1BC88-C780-4E16-AD6C-E7095B9F234A}.Release|Any CPU.ActiveCfg = Release|Any CPU
		{BAF1BC88-C780-4E16-AD6C-E7095B9F234A}.Release|Any CPU.Build.0 = Release|Any CPU
		{56DAC5B5-E571-42B2-AA9E-5D99E690AB0E}.Debug|Any CPU.ActiveCfg = Debug|Any CPU
		{56DAC5B5-E571-42B2-AA9E-5D99E690AB0E}.Debug|Any CPU.Build.0 = Debug|Any CPU
		{56DAC5B5-E571-42B2-AA9E-5D99E690AB0E}.Release|Any CPU.ActiveCfg = Release|Any CPU
		{56DAC5B5-E571-42B2-AA9E-5D99E690AB0E}.Release|Any CPU.Build.0 = Release|Any CPU
	EndGlobalSection
	GlobalSection(SolutionProperties) = preSolution
		HideSolutionNode = FALSE
	EndGlobalSection
	GlobalSection(NestedProjects) = preSolution
		{AA7200E6-1E51-46F6-88D0-4A66E0A6FA57} = {36BFE70C-0AE5-486A-8F39-FC00DF7E6D88}
		{85F42A71-D762-4134-8A1E-86CACD990581} = {36BFE70C-0AE5-486A-8F39-FC00DF7E6D88}
		{BAF1BC88-C780-4E16-AD6C-E7095B9F234A} = {C4B8780C-C98E-4B87-A613-4163BE00980C}
	EndGlobalSection
	GlobalSection(ExtensibilityGlobals) = postSolution
		SolutionGuid = {A9B7D3A8-7C94-4EFC-AB0D-50D8BC14EB4B}
	EndGlobalSection
EndGlobal
