
Microsoft Visual Studio Solution File, Format Version 12.00
# Visual Studio Version 17
VisualStudioVersion = 17.4.33205.214
MinimumVisualStudioVersion = 10.0.40219.1
Project("{9A19103F-16F7-4668-BE54-9A1E7A4F7556}") = "DevIO.Business", "src\DevIO.Business\DevIO.Business.csproj", "{42586D15-DA9F-4D7A-858D-7E768E60E7C6}"
EndProject
Project("{9A19103F-16F7-4668-BE54-9A1E7A4F7556}") = "DevIO.Data", "src\DevIO.Data\DevIO.Data.csproj", "{CA9F385A-2961-4D85-84B3-033DF891946B}"
EndProject
Project("{FAE04EC0-301F-11D3-BF4B-00C04F79EFBC}") = "DevIO.Api", "src\DevIO.Api\DevIO.Api\DevIO.Api.csproj", "{1B59AD2B-68ED-4E32-B057-147CD143A8A1}"
EndProject
Global
	GlobalSection(SolutionConfigurationPlatforms) = preSolution
		Debug|Any CPU = Debug|Any CPU
		Release|Any CPU = Release|Any CPU
	EndGlobalSection
	GlobalSection(ProjectConfigurationPlatforms) = postSolution
		{42586D15-DA9F-4D7A-858D-7E768E60E7C6}.Debug|Any CPU.ActiveCfg = Debug|Any CPU
		{42586D15-DA9F-4D7A-858D-7E768E60E7C6}.Debug|Any CPU.Build.0 = Debug|Any CPU
		{42586D15-DA9F-4D7A-858D-7E768E60E7C6}.Release|Any CPU.ActiveCfg = Release|Any CPU
		{42586D15-DA9F-4D7A-858D-7E768E60E7C6}.Release|Any CPU.Build.0 = Release|Any CPU
		{CA9F385A-2961-4D85-84B3-033DF891946B}.Debug|Any CPU.ActiveCfg = Debug|Any CPU
		{CA9F385A-2961-4D85-84B3-033DF891946B}.Debug|Any CPU.Build.0 = Debug|Any CPU
		{CA9F385A-2961-4D85-84B3-033DF891946B}.Release|Any CPU.ActiveCfg = Release|Any CPU
		{CA9F385A-2961-4D85-84B3-033DF891946B}.Release|Any CPU.Build.0 = Release|Any CPU
		{1B59AD2B-68ED-4E32-B057-147CD143A8A1}.Debug|Any CPU.ActiveCfg = Debug|Any CPU
		{1B59AD2B-68ED-4E32-B057-147CD143A8A1}.Debug|Any CPU.Build.0 = Debug|Any CPU
		{1B59AD2B-68ED-4E32-B057-147CD143A8A1}.Release|Any CPU.ActiveCfg = Release|Any CPU
		{1B59AD2B-68ED-4E32-B057-147CD143A8A1}.Release|Any CPU.Build.0 = Release|Any CPU
	EndGlobalSection
	GlobalSection(SolutionProperties) = preSolution
		HideSolutionNode = FALSE
	EndGlobalSection
	GlobalSection(ExtensibilityGlobals) = postSolution
		SolutionGuid = {B76B47FA-EB56-4CF1-B2BE-EC01B560F244}
	EndGlobalSection
EndGlobal
